{
  "name": "firebase-webhook-express-default",
  "version": "1.0.0",
  "lockfileVersion": 1,
  "requires": true,
  "dependencies": {
    "puddy-lib": {
      "version": "git+https://github.com/TinyPudding/Puddy-Lib.git#5043c1f76c7f69167e489aba4d3281607847db54",
      "from": "git+https://github.com/TinyPudding/Puddy-Lib.git"
    }
  }
}
